<Solution>
  <Folder Name="/src/">
    <Project Path="src/N4Sentinel.Domain/N4Sentinel.Domain.csproj" />
    <Project Path="src/N4Sentinel.Infrastructure/N4Sentinel.Infrastructure.csproj" />
    <Project Path="src/N4Sentinel.Web/N4Sentinel.Web.csproj" />
  </Folder>
  <Folder Name="/tests/">
    <Project Path="tests/N4Sentinel.Tests/N4Sentinel.Tests.csproj" />
  </Folder>
</Solution>
